// !$*UTF8*$!
{
	archiveVersion = 1;
	classes = {
	};
	objectVersion = 50;
	objects = {

/* Begin PBXBuildFile section */
		01BFCB5521C6DFD1007B4378 /* AppDelegate.swift in Sources */ = {isa = PBXBuildFile; fileRef = 01BFCB5421C6DFD1007B4378 /* AppDelegate.swift */; };
		01BFCB5721C6DFD1007B4378 /* ToDoListViewController.swift in Sources */ = {isa = PBXBuildFile; fileRef = 01BFCB5621C6DFD1007B4378 /* ToDoListViewController.swift */; };
		01BFCB5A21C6DFD1007B4378 /* Main.storyboard in Resources */ = {isa = PBXBuildFile; fileRef = 01BFCB5821C6DFD1007B4378 /* Main.storyboard */; };
		01BFCB5C21C6DFD2007B4378 /* Assets.xcassets in Resources */ = {isa = PBXBuildFile; fileRef = 01BFCB5B21C6DFD2007B4378 /* Assets.xcassets */; };
		01BFCB5F21C6DFD2007B4378 /* LaunchScreen.storyboard in Resources */ = {isa = PBXBuildFile; fileRef = 01BFCB5D21C6DFD2007B4378 /* LaunchScreen.storyboard */; };
/* End PBXBuildFile section */

/* Begin PBXFileReference section */
		01BFCB5121C6DFD1007B4378 /* To-To.app */ = {isa = PBXFileReference; explicitFileType = wrapper.application; includeInIndex = 0; path = "To-To.app"; sourceTree = BUILT_PRODUCTS_DIR; };
		01BFCB5421C6DFD1007B4378 /* AppDelegate.swift */ = {isa = PBXFileReference; lastKnownFileType = sourcecode.swift; path = AppDelegate.swift; sourceTree = "<group>"; };
		01BFCB5621C6DFD1007B4378 /* ToDoListViewController.swift */ = {isa = PBXFileReference; lastKnownFileType = sourcecode.swift; path = ToDoListViewController.swift; sourceTree = "<group>"; };
		01BFCB5921C6DFD1007B4378 /* Base */ = {isa = PBXFileReference; lastKnownFileType = file.storyboard; name = Base; path = Base.lproj/Main.storyboard; sourceTree = "<group>"; };
		01BFCB5B21C6DFD2007B4378 /* Assets.xcassets */ = {isa = PBXFileReference; lastKnownFileType = folder.assetcatalog; path = Assets.xcassets; sourceTree = "<group>"; };
		01BFCB5E21C6DFD2007B4378 /* Base */ = {isa = PBXFileReference; lastKnownFileType = file.storyboard; name = Base; path = Base.lproj/LaunchScreen.storyboard; sourceTree = "<group>"; };
		01BFCB6021C6DFD2007B4378 /* Info.plist */ = {isa = PBXFileReference; lastKnownFileType = text.plist.xml; path = Info.plist; sourceTree = "<group>"; };
/* End PBXFileReference section */

/* Begin PBXFrameworksBuildPhase section */
		01BFCB4E21C6DFD1007B4378 /* Frameworks */ = {
			isa = PBXFrameworksBuildPhase;
			buildActionMask = 2147483647;
			files = (
			);
			runOnlyForDeploymentPostprocessing = 0;
		};
/* End PBXFrameworksBuildPhase section */

/* Begin PBXGroup section */
		01BFCB4821C6DFD0007B4378 = {
			isa = PBXGroup;
			children = (
				01BFCB5321C6DFD1007B4378 /* To-To */,
				01BFCB5221C6DFD1007B4378 /* Products */,
			);
			sourceTree = "<group>";
		};
		01BFCB5221C6DFD1007B4378 /* Products */ = {
			isa = PBXGroup;
			children = (
				01BFCB5121C6DFD1007B4378 /* To-To.app */,
			);
			name = Products;
			sourceTree = "<group>";
		};
		01BFCB5321C6DFD1007B4378 /* To-To */ = {
			isa = PBXGroup;
			children = (
				01BFCB5421C6DFD1007B4378 /* AppDelegate.swift */,
				01BFCB5621C6DFD1007B4378 /* ToDoListViewController.swift */,
				01BFCB5821C6DFD1007B4378 /* Main.storyboard */,
				01BFCB5B21C6DFD2007B4378 /* Assets.xcassets */,
				01BFCB5D21C6DFD2007B4378 /* LaunchScreen.storyboard */,
				01BFCB6021C6DFD2007B4378 /* Info.plist */,
			);
			path = "To-To";
			sourceTree = "<group>";
		};
/* End PBXGroup section */

/* Begin PBXNativeTarget section */
		01BFCB5021C6DFD1007B4378 /* To-To */ = {
			isa = PBXNativeTarget;
			buildConfigurationList = 01BFCB6321C6DFD2007B4378 /* Build configuration list for PBXNativeTarget "To-To" */;
			buildPhases = (
				01BFCB4D21C6DFD1007B4378 /* Sources */,
				01BFCB4E21C6DFD1007B4378 /* Frameworks */,
				01BFCB4F21C6DFD1007B4378 /* Resources */,
			);
			buildRules = (
			);
			dependencies = (
			);
			name = "To-To";
			productName = "To-To";
			productReference = 01BFCB5121C6DFD1007B4378 /* To-To.app */;
			productType = "com.apple.product-type.application";
		};
/* End PBXNativeTarget section */

/* Begin PBXProject section */
		01BFCB4921C6DFD0007B4378 /* Project object */ = {
			isa = PBXProject;
			attributes = {
				LastSwiftUpdateCheck = 1010;
				LastUpgradeCheck = 1010;
				ORGANIZATIONNAME = Yofa;
				TargetAttributes = {
					01BFCB5021C6DFD1007B4378 = {
						CreatedOnToolsVersion = 10.1;
					};
				};
			};
			buildConfigurationList = 01BFCB4C21C6DFD0007B4378 /* Build configuration list for PBXProject "To-To" */;
			compatibilityVersion = "Xcode 9.3";
			developmentRegion = en;
			hasScannedForEncodings = 0;
			knownRegions = (
				en,
				Base,
			);
			mainGroup = 01BFCB4821C6DFD0007B4378;
			productRefGroup = 01BFCB5221C6DFD1007B4378 /* Products */;
			projectDirPath = "";
			projectRoot = "";
			targets = (
				01BFCB5021C6DFD1007B4378 /* To-To */,
			);
		};
/* End PBXProject section */

/* Begin PBXResourcesBuildPhase section */
		01BFCB4F21C6DFD1007B4378 /* Resources */ = {
			isa = PBXResourcesBuildPhase;
			buildActionMask = 2147483647;
			files = (
				01BFCB5F21C6DFD2007B4378 /* LaunchScreen.storyboard in Resources */,
				01BFCB5C21C6DFD2007B4378 /* Assets.xcassets in Resources */,
				01BFCB5A21C6DFD1007B4378 /* Main.storyboard in Resources */,
			);
			runOnlyForDeploymentPostprocessing = 0;
		};
/* End PBXResourcesBuildPhase section */

/* Begin PBXSourcesBuildPhase section */
		01BFCB4D21C6DFD1007B4378 /* Sources */ = {
			isa = PBXSourcesBuildPhase;
			buildActionMask = 2147483647;
			files = (
				01BFCB5721C6DFD1007B4378 /* ToDoListViewController.swift in Sources */,
				01BFCB5521C6DFD1007B4378 /* AppDelegate.swift in Sources */,
			);
			runOnlyForDeploymentPostprocessing = 0;
		};
/* End PBXSourcesBuildPhase section */

/* Begin PBXVariantGroup section */
		01BFCB5821C6DFD1007B4378 /* Main.storyboard */ = {
			isa = PBXVariantGroup;
			children = (
				01BFCB5921C6DFD1007B4378 /* Base */,
			);
			name = Main.storyboard;
			sourceTree = "<group>";
		};
		01BFCB5D21C6DFD2007B4378 /* LaunchScreen.storyboard */ = {
			isa = PBXVariantGroup;
			children = (
				01BFCB5E21C6DFD2007B4378 /* Base */,
			);
			name = LaunchScreen.storyboard;
			sourceTree = "<group>";
		};
/* End PBXVariantGroup section */

/* Begin XCBuildConfiguration section */
		01BFCB6121C6DFD2007B4378 /* Debug */ = {
			isa = XCBuildConfiguration;
			buildSettings = {
				ALWAYS_SEARCH_USER_PATHS = NO;
				CLANG_ANALYZER_NONNULL = YES;
				CLANG_ANALYZER_NUMBER_OBJECT_CONVERSION = YES_AGGRESSIVE;
				CLANG_CXX_LANGUAGE_STANDARD = "gnu++14";
				CLANG_CXX_LIBRARY = "libc++";
				CLANG_ENABLE_MODULES = YES;
				CLANG_ENABLE_OBJC_ARC = YES;
				CLANG_ENABLE_OBJC_WEAK = YES;
				CLANG_WARN_BLOCK_CAPTURE_AUTORELEASING = YES;
				CLANG_WARN_BOOL_CONVERSION = YES;
				CLANG_WARN_COMMA = YES;
				CLANG_WARN_CONSTANT_CONVERSION = YES;
				CLANG_WARN_DEPRECATED_OBJC_IMPLEMENTATIONS = YES;
				CLANG_WARN_DIRECT_OBJC_ISA_USAGE = YES_ERROR;
				CLANG_WARN_DOCUMENTATION_COMMENTS = YES;
				CLANG_WARN_EMPTY_BODY = YES;
				CLANG_WARN_ENUM_CONVERSION = YES;
				CLANG_WARN_INFINITE_RECURSION = YES;
				CLANG_WARN_INT_CONVERSION = YES;
				CLANG_WARN_NON_LITERAL_NULL_CONVERSION = YES;
				CLANG_WARN_OBJC_IMPLICIT_RETAIN_SELF = YES;
				CLANG_WARN_OBJC_LITERAL_CONVERSION = YES;
				CLANG_WARN_OBJC_ROOT_CLASS = YES_ERROR;
				CLANG_WARN_RANGE_LOOP_ANALYSIS = YES;
				CLANG_WARN_STRICT_PROTOTYPES = YES;
				CLANG_WARN_SUSPICIOUS_MOVE = YES;
				CLANG_WARN_UNGUARDED_AVAILABILITY = YES_AGGRESSIVE;
				CLANG_WARN_UNREACHABLE_CODE = YES;
				CLANG_WARN__DUPLICATE_METHOD_MATCH = YES;
				CODE_SIGN_IDENTITY = "iPhone Developer";
				COPY_PHASE_STRIP = NO;
				DEBUG_INFORMATION_FORMAT = dwarf;
				ENABLE_STRICT_OBJC_MSGSEND = YES;
				ENABLE_TESTABILITY = YES;
				GCC_C_LANGUAGE_STANDARD = gnu11;
				GCC_DYNAMIC_NO_PIC = NO;
				GCC_NO_COMMON_BLOCKS = YES;
				GCC_OPTIMIZATION_LEVEL = 0;
				GCC_PREPROCESSOR_DEFINITIONS = (
					"DEBUG=1",
					"$(inherited)",
				);
				GCC_WARN_64_TO_32_BIT_CONVERSION = YES;
				GCC_WARN_ABOUT_RETURN_TYPE = YES_ERROR;
				GCC_WARN_UNDECLARED_SELECTOR = YES;
				GCC_WARN_UNINITIALIZED_AUTOS = YES_AGGRESSIVE;
				GCC_WARN_UNUSED_FUNCTION = YES;
				GCC_WARN_UNUSED_VARIABLE = YES;
				IPHONEOS_DEPLOYMENT_TARGET = 12.1;
				MTL_ENABLE_DEBUG_INFO = INCLUDE_SOURCE;
				MTL_FAST_MATH = YES;
				ONLY_ACTIVE_ARCH = YES;
				SDKROOT = iphoneos;
				SWIFT_ACTIVE_COMPILATION_CONDITIONS = DEBUG;
				SWIFT_OPTIMIZATION_LEVEL = "-Onone";
			};
			name = Debug;
		};
		01BFCB6221C6DFD2007B4378 /* Release */ = {
			isa = XCBuildConfiguration;
			buildSettings = {
				ALWAYS_SEARCH_USER_PATHS = NO;
				CLANG_ANALYZER_NONNULL = YES;
				CLANG_ANALYZER_NUMBER_OBJECT_CONVERSION = YES_AGGRESSIVE;
				CLANG_CXX_LANGUAGE_STANDARD = "gnu++14";
				CLANG_CXX_LIBRARY = "libc++";
				CLANG_ENABLE_MODULES = YES;
				CLANG_ENABLE_OBJC_ARC = YES;
				CLANG_ENABLE_OBJC_WEAK = YES;
				CLANG_WARN_BLOCK_CAPTURE_AUTORELEASING = YES;
				CLANG_WARN_BOOL_CONVERSION = YES;
				CLANG_WARN_COMMA = YES;
				CLANG_WARN_CONSTANT_CONVERSION = YES;
				CLANG_WARN_DEPRECATED_OBJC_IMPLEMENTATIONS = YES;
				CLANG_WARN_DIRECT_OBJC_ISA_USAGE = YES_ERROR;
				CLANG_WARN_DOCUMENTATION_COMMENTS = YES;
				CLANG_WARN_EMPTY_BODY = YES;
				CLANG_WARN_ENUM_CONVERSION = YES;
				CLANG_WARN_INFINITE_RECURSION = YES;
				CLANG_WARN_INT_CONVERSION = YES;
				CLANG_WARN_NON_LITERAL_NULL_CONVERSION = YES;
				CLANG_WARN_OBJC_IMPLICIT_RETAIN_SELF = YES;
				CLANG_WARN_OBJC_LITERAL_CONVERSION = YES;
				CLANG_WARN_OBJC_ROOT_CLASS = YES_ERROR;
				CLANG_WARN_RANGE_LOOP_ANALYSIS = YES;
				CLANG_WARN_STRICT_PROTOTYPES = YES;
				CLANG_WARN_SUSPICIOUS_MOVE = YES;
				CLANG_WARN_UNGUARDED_AVAILABILITY = YES_AGGRESSIVE;
				CLANG_WARN_UNREACHABLE_CODE = YES;
				CLANG_WARN__DUPLICATE_METHOD_MATCH = YES;
				CODE_SIGN_IDENTITY = "iPhone Developer";
				COPY_PHASE_STRIP = NO;
				DEBUG_INFORMATION_FORMAT = "dwarf-with-dsym";
				ENABLE_NS_ASSERTIONS = NO;
				ENABLE_STRICT_OBJC_MSGSEND = YES;
				GCC_C_LANGUAGE_STANDARD = gnu11;
				GCC_NO_COMMON_BLOCKS = YES;
				GCC_WARN_64_TO_32_BIT_CONVERSION = YES;
				GCC_WARN_ABOUT_RETURN_TYPE = YES_ERROR;
				GCC_WARN_UNDECLARED_SELECTOR = YES;
				GCC_WARN_UNINITIALIZED_AUTOS = YES_AGGRESSIVE;
				GCC_WARN_UNUSED_FUNCTION = YES;
				GCC_WARN_UNUSED_VARIABLE = YES;
				IPHONEOS_DEPLOYMENT_TARGET = 12.1;
				MTL_ENABLE_DEBUG_INFO = NO;
				MTL_FAST_MATH = YES;
				SDKROOT = iphoneos;
				SWIFT_COMPILATION_MODE = wholemodule;
				SWIFT_OPTIMIZATION_LEVEL = "-O";
				VALIDATE_PRODUCT = YES;
			};
			name = Release;
		};
		01BFCB6421C6DFD2007B4378 /* Debug */ = {
			isa = XCBuildConfiguration;
			buildSettings = {
				ASSETCATALOG_COMPILER_APPICON_NAME = AppIcon;
				CODE_SIGN_STYLE = Automatic;
				DEVELOPMENT_TEAM = 664H2WD289;
				INFOPLIST_FILE = "To-To/Info.plist";
				LD_RUNPATH_SEARCH_PATHS = (
					"$(inherited)",
					"@executable_path/Frameworks",
				);
				PRODUCT_BUNDLE_IDENTIFIER = "yofa.To-To";
				PRODUCT_NAME = "$(TARGET_NAME)";
				SWIFT_VERSION = 4.2;
				TARGETED_DEVICE_FAMILY = "1,2";
			};
			name = Debug;
		};
		01BFCB6521C6DFD2007B4378 /* Release */ = {
			isa = XCBuildConfiguration;
			buildSettings = {
				ASSETCATALOG_COMPILER_APPICON_NAME = AppIcon;
				CODE_SIGN_STYLE = Automatic;
				DEVELOPMENT_TEAM = 664H2WD289;
				INFOPLIST_FILE = "To-To/Info.plist";
				LD_RUNPATH_SEARCH_PATHS = (
					"$(inherited)",
					"@executable_path/Frameworks",
				);
				PRODUCT_BUNDLE_IDENTIFIER = "yofa.To-To";
				PRODUCT_NAME = "$(TARGET_NAME)";
				SWIFT_VERSION = 4.2;
				TARGETED_DEVICE_FAMILY = "1,2";
			};
			name = Release;
		};
/* End XCBuildConfiguration section */

/* Begin XCConfigurationList section */
		01BFCB4C21C6DFD0007B4378 /* Build configuration list for PBXProject "To-To" */ = {
			isa = XCConfigurationList;
			buildConfigurations = (
				01BFCB6121C6DFD2007B4378 /* Debug */,
				01BFCB6221C6DFD2007B4378 /* Release */,
			);
			defaultConfigurationIsVisible = 0;
			defaultConfigurationName = Release;
		};
		01BFCB6321C6DFD2007B4378 /* Build configuration list for PBXNativeTarget "To-To" */ = {
			isa = XCConfigurationList;
			buildConfigurations = (
				01BFCB6421C6DFD2007B4378 /* Debug */,
				01BFCB6521C6DFD2007B4378 /* Release */,
			);
			defaultConfigurationIsVisible = 0;
			defaultConfigurationName = Release;
		};
/* End XCConfigurationList section */
	};
	rootObject = 01BFCB4921C6DFD0007B4378 /* Project object */;
}
